{
  "version": 4,
  "terraform_version": "0.12.26",
  "serial": 54,
  "lineage": "085fbf6b-ea08-a8b6-6614-cc8200e110e0",
  "outputs": {},
  "resources": [
    {
      "mode": "managed",
      "type": "aws_eip",
      "name": "lb",
      "provider": "provider.aws",
      "instances": [
        {
          "schema_version": 0,
          "attributes": {
            "allocation_id": null,
            "associate_with_private_ip": null,
            "association_id": "",
            "customer_owned_ip": "",
            "customer_owned_ipv4_pool": "",
            "domain": "vpc",
            "id": "eipalloc-0b11f311160b78fde",
            "instance": "",
            "network_interface": "",
            "private_dns": null,
            "private_ip": "",
            "public_dns": "ec2-15-207-195-208.ap-south-1.compute.amazonaws.com",
            "public_ip": "15.207.195.208",
            "public_ipv4_pool": "amazon",
            "tags": null,
            "timeouts": null,
            "vpc": true
          },
          "private": "eyJlMmJmYjczMC1lY2FhLTExZTYtOGY4OC0zNDM2M2JjN2M0YzAiOnsiZGVsZXRlIjoxODAwMDAwMDAwMDAsInJlYWQiOjkwMDAwMDAwMDAwMCwidXBkYXRlIjozMDAwMDAwMDAwMDB9fQ=="
        }
      ]
    },
    {
      "mode": "managed",
      "type": "aws_instance",
      "name": "bastionhostinstance",
      "provider": "provider.aws",
      "instances": [
        {
          "schema_version": 1,
          "attributes": {
            "ami": "ami-0a780d5bac870126a",
            "arn": "arn:aws:ec2:ap-south-1:000493632188:instance/i-0db9ea1a53a16a43e",
            "associate_public_ip_address": true,
            "availability_zone": "ap-south-1a",
            "cpu_core_count": 1,
            "cpu_threads_per_core": 1,
            "credit_specification": [
              {
                "cpu_credits": "standard"
              }
            ],
            "disable_api_termination": false,
            "ebs_block_device": [],
            "ebs_optimized": false,
            "ephemeral_block_device": [],
            "get_password_data": false,
            "hibernation": false,
            "host_id": null,
            "iam_instance_profile": "",
            "id": "i-0db9ea1a53a16a43e",
            "instance_initiated_shutdown_behavior": null,
            "instance_state": "running",
            "instance_type": "t2.micro",
            "ipv6_address_count": 0,
            "ipv6_addresses": [],
            "key_name": "remotelogin_key",
            "metadata_options": [
              {
                "http_endpoint": "enabled",
                "http_put_response_hop_limit": 1,
                "http_tokens": "optional"
              }
            ],
            "monitoring": false,
            "network_interface": [],
            "outpost_arn": "",
            "password_data": "",
            "placement_group": "",
            "primary_network_interface_id": "eni-0c80e734ca66fc669",
            "private_dns": "ip-192-168-0-33.ap-south-1.compute.internal",
            "private_ip": "192.168.0.33",
            "public_dns": "ec2-13-233-109-98.ap-south-1.compute.amazonaws.com",
            "public_ip": "13.233.109.98",
            "root_block_device": [
              {
                "delete_on_termination": true,
                "device_name": "/dev/xvda",
                "encrypted": false,
                "iops": 100,
                "kms_key_id": "",
                "volume_id": "vol-0d152a36325894d2c",
                "volume_size": 8,
                "volume_type": "gp2"
              }
            ],
            "secondary_private_ips": [],
            "security_groups": [
              "sg-0883d2e31f45f4cfa"
            ],
            "source_dest_check": true,
            "subnet_id": "subnet-0ecba18ac01ac2888",
            "tags": {
              "Name": "bastionhostos"
            },
            "tenancy": "default",
            "timeouts": null,
            "user_data": null,
            "user_data_base64": null,
            "volume_tags": {},
            "vpc_security_group_ids": [
              "sg-0883d2e31f45f4cfa"
            ]
          },
          "private": "eyJlMmJmYjczMC1lY2FhLTExZTYtOGY4OC0zNDM2M2JjN2M0YzAiOnsiY3JlYXRlIjo2MDAwMDAwMDAwMDAsImRlbGV0ZSI6MTIwMDAwMDAwMDAwMCwidXBkYXRlIjo2MDAwMDAwMDAwMDB9LCJzY2hlbWFfdmVyc2lvbiI6IjEifQ==",
          "dependencies": [
            "aws_key_pair.remotelogin_key",
            "aws_security_group.mybastionhost",
            "aws_subnet.subnet1",
            "aws_vpc.myvpc",
            "tls_private_key.myprivatekey"
          ]
        }
      ]
    },
    {
      "mode": "managed",
      "type": "aws_instance",
      "name": "mysqlinstance",
      "provider": "provider.aws",
      "instances": [
        {
          "schema_version": 1,
          "attributes": {
            "ami": "ami-06848868ff58d6c0e",
            "arn": "arn:aws:ec2:ap-south-1:000493632188:instance/i-0d873d04dcdb73c4e",
            "associate_public_ip_address": true,
            "availability_zone": "ap-south-1a",
            "cpu_core_count": 1,
            "cpu_threads_per_core": 1,
            "credit_specification": [
              {
                "cpu_credits": "standard"
              }
            ],
            "disable_api_termination": false,
            "ebs_block_device": [],
            "ebs_optimized": false,
            "ephemeral_block_device": [],
            "get_password_data": false,
            "hibernation": false,
            "host_id": null,
            "iam_instance_profile": "",
            "id": "i-0d873d04dcdb73c4e",
            "instance_initiated_shutdown_behavior": null,
            "instance_state": "running",
            "instance_type": "t2.micro",
            "ipv6_address_count": 0,
            "ipv6_addresses": [],
            "key_name": "remotelogin_key",
            "metadata_options": [
              {
                "http_endpoint": "enabled",
                "http_put_response_hop_limit": 1,
                "http_tokens": "optional"
              }
            ],
            "monitoring": false,
            "network_interface": [],
            "outpost_arn": "",
            "password_data": "",
            "placement_group": "",
            "primary_network_interface_id": "eni-020f35535536e54fa",
            "private_dns": "ip-192-168-1-64.ap-south-1.compute.internal",
            "private_ip": "192.168.1.64",
            "public_dns": "ec2-52-66-20-94.ap-south-1.compute.amazonaws.com",
            "public_ip": "52.66.20.94",
            "root_block_device": [
              {
                "delete_on_termination": true,
                "device_name": "/dev/xvda",
                "encrypted": false,
                "iops": 100,
                "kms_key_id": "",
                "volume_id": "vol-00758ea466990a420",
                "volume_size": 8,
                "volume_type": "gp2"
              }
            ],
            "secondary_private_ips": [],
            "security_groups": [
              "sg-0e65f0149433d32df"
            ],
            "source_dest_check": true,
            "subnet_id": "subnet-09f790b058cfbed72",
            "tags": {
              "Name": "mysqlos"
            },
            "tenancy": "default",
            "timeouts": null,
            "user_data": null,
            "user_data_base64": null,
            "volume_tags": {},
            "vpc_security_group_ids": [
              "sg-0e65f0149433d32df"
            ]
          },
          "private": "eyJlMmJmYjczMC1lY2FhLTExZTYtOGY4OC0zNDM2M2JjN2M0YzAiOnsiY3JlYXRlIjo2MDAwMDAwMDAwMDAsImRlbGV0ZSI6MTIwMDAwMDAwMDAwMCwidXBkYXRlIjo2MDAwMDAwMDAwMDB9LCJzY2hlbWFfdmVyc2lvbiI6IjEifQ==",
          "dependencies": [
            "aws_key_pair.remotelogin_key",
            "aws_security_group.mybastionhost",
            "aws_security_group.mysqlsg",
            "aws_security_group.mywpsg",
            "aws_subnet.subnet2",
            "aws_vpc.myvpc",
            "tls_private_key.myprivatekey"
          ]
        }
      ]
    },
    {
      "mode": "managed",
      "type": "aws_instance",
      "name": "wpinstance",
      "provider": "provider.aws",
      "instances": [
        {
          "schema_version": 1,
          "attributes": {
            "ami": "ami-00f69f7ee089055fe",
            "arn": "arn:aws:ec2:ap-south-1:000493632188:instance/i-0517ee589fb11cf57",
            "associate_public_ip_address": true,
            "availability_zone": "ap-south-1a",
            "cpu_core_count": 1,
            "cpu_threads_per_core": 1,
            "credit_specification": [
              {
                "cpu_credits": "standard"
              }
            ],
            "disable_api_termination": false,
            "ebs_block_device": [],
            "ebs_optimized": false,
            "ephemeral_block_device": [],
            "get_password_data": false,
            "hibernation": false,
            "host_id": null,
            "iam_instance_profile": "",
            "id": "i-0517ee589fb11cf57",
            "instance_initiated_shutdown_behavior": null,
            "instance_state": "running",
            "instance_type": "t2.micro",
            "ipv6_address_count": 0,
            "ipv6_addresses": [],
            "key_name": "remotelogin_key",
            "metadata_options": [
              {
                "http_endpoint": "enabled",
                "http_put_response_hop_limit": 1,
                "http_tokens": "optional"
              }
            ],
            "monitoring": false,
            "network_interface": [],
            "outpost_arn": "",
            "password_data": "",
            "placement_group": "",
            "primary_network_interface_id": "eni-0c7402619ecd815cc",
            "private_dns": "ip-192-168-0-182.ap-south-1.compute.internal",
            "private_ip": "192.168.0.182",
            "public_dns": "ec2-15-206-167-50.ap-south-1.compute.amazonaws.com",
            "public_ip": "15.206.167.50",
            "root_block_device": [
              {
                "delete_on_termination": true,
                "device_name": "/dev/xvda",
                "encrypted": false,
                "iops": 100,
                "kms_key_id": "",
                "volume_id": "vol-00929fffb62be9a8d",
                "volume_size": 8,
                "volume_type": "gp2"
              }
            ],
            "secondary_private_ips": [],
            "security_groups": [
              "sg-037d8f9b3409ec966"
            ],
            "source_dest_check": true,
            "subnet_id": "subnet-0ecba18ac01ac2888",
            "tags": {
              "Name": "wpos"
            },
            "tenancy": "default",
            "timeouts": null,
            "user_data": null,
            "user_data_base64": null,
            "volume_tags": {},
            "vpc_security_group_ids": [
              "sg-037d8f9b3409ec966"
            ]
          },
          "private": "eyJlMmJmYjczMC1lY2FhLTExZTYtOGY4OC0zNDM2M2JjN2M0YzAiOnsiY3JlYXRlIjo2MDAwMDAwMDAwMDAsImRlbGV0ZSI6MTIwMDAwMDAwMDAwMCwidXBkYXRlIjo2MDAwMDAwMDAwMDB9LCJzY2hlbWFfdmVyc2lvbiI6IjEifQ==",
          "dependencies": [
            "aws_key_pair.remotelogin_key",
            "aws_security_group.mywpsg",
            "aws_subnet.subnet1",
            "aws_vpc.myvpc",
            "tls_private_key.myprivatekey"
          ]
        }
      ]
    },
    {
      "mode": "managed",
      "type": "aws_internet_gateway",
      "name": "gw",
      "provider": "provider.aws",
      "instances": [
        {
          "schema_version": 0,
          "attributes": {
            "arn": "arn:aws:ec2:ap-south-1:000493632188:internet-gateway/igw-0bb7858ff94947889",
            "id": "igw-0bb7858ff94947889",
            "owner_id": "000493632188",
            "tags": {
              "Name": "myigw"
            },
            "vpc_id": "vpc-038cc6cdea69b6fd2"
          },
          "private": "bnVsbA==",
          "dependencies": [
            "aws_vpc.myvpc"
          ]
        }
      ]
    },
    {
      "mode": "managed",
      "type": "aws_key_pair",
      "name": "remotelogin_key",
      "provider": "provider.aws",
      "instances": [
        {
          "schema_version": 1,
          "attributes": {
            "arn": "arn:aws:ec2:ap-south-1:000493632188:key-pair/remotelogin_key",
            "fingerprint": "36:d5:5f:c4:3c:8a:a0:bf:94:27:e6:02:2e:c0:b5:17",
            "id": "remotelogin_key",
            "key_name": "remotelogin_key",
            "key_name_prefix": null,
            "key_pair_id": "key-01b4dcd9fdbeb735b",
            "public_key": "ssh-rsa AAAAB3NzaC1yc2EAAAADAQABAAABAQDG1dMGXpq5caAxs9627lE3yyjb63giT63xAsht9xlPUfJKQ+mLj1obs7RjrhDpXc2jJmczqKa3va4cubJansl+sK1blPNCU+mfu+5Y5u1AEaGmq9pdmeRKrJyBviDEAvNR+13hRrLjMR+uxb88aY5vUdMa49oM7hX8YUrCsdBr7axrYlXTg59Qa0XM1+cRZLlXS/4A1hwz0qCCgV/4EKntJoq0KDRlrmjkA0iwmFIopEiYJEmFdGqKPKrDdHRmA6R4vEx/FqKCdnXrfzWTjdG3X3QcPSMnjlEbbcF5JNnouUWLy4wGkxYLi46jmtOUD9WMCSjGw8hI+624Y9NMo/1t",
            "tags": null
          },
          "private": "eyJzY2hlbWFfdmVyc2lvbiI6IjEifQ==",
          "dependencies": [
            "tls_private_key.myprivatekey"
          ]
        }
      ]
    },
    {
      "mode": "managed",
      "type": "aws_nat_gateway",
      "name": "NATgw",
      "provider": "provider.aws",
      "instances": [
        {
          "schema_version": 0,
          "attributes": {
            "allocation_id": "eipalloc-0b11f311160b78fde",
            "id": "nat-01faf0f9777956fef",
            "network_interface_id": "eni-06c1e18d765e20c72",
            "private_ip": "192.168.0.247",
            "public_ip": "15.207.195.208",
            "subnet_id": "subnet-0ecba18ac01ac2888",
            "tags": null
          },
          "private": "bnVsbA==",
          "dependencies": [
            "aws_eip.lb",
            "aws_subnet.subnet1",
            "aws_vpc.myvpc"
          ]
        }
      ]
    },
    {
      "mode": "managed",
      "type": "aws_route_table",
      "name": "route1",
      "provider": "provider.aws",
      "instances": [
        {
          "schema_version": 0,
          "attributes": {
            "id": "rtb-0b16fc4c8b2a42e1f",
            "owner_id": "000493632188",
            "propagating_vgws": [],
            "route": [
              {
                "cidr_block": "0.0.0.0/0",
                "egress_only_gateway_id": "",
                "gateway_id": "igw-0bb7858ff94947889",
                "instance_id": "",
                "ipv6_cidr_block": "",
                "nat_gateway_id": "",
                "network_interface_id": "",
                "transit_gateway_id": "",
                "vpc_peering_connection_id": ""
              }
            ],
            "tags": {
              "Name": "myroutetable"
            },
            "vpc_id": "vpc-038cc6cdea69b6fd2"
          },
          "private": "bnVsbA==",
          "dependencies": [
            "aws_internet_gateway.gw",
            "aws_vpc.myvpc"
          ]
        }
      ]
    },
    {
      "mode": "managed",
      "type": "aws_route_table",
      "name": "route2",
      "provider": "provider.aws",
      "instances": [
        {
          "schema_version": 0,
          "attributes": {
            "id": "rtb-038f6e39fcc531227",
            "owner_id": "000493632188",
            "propagating_vgws": [],
            "route": [
              {
                "cidr_block": "0.0.0.0/0",
                "egress_only_gateway_id": "",
                "gateway_id": "nat-01faf0f9777956fef",
                "instance_id": "",
                "ipv6_cidr_block": "",
                "nat_gateway_id": "",
                "network_interface_id": "",
                "transit_gateway_id": "",
                "vpc_peering_connection_id": ""
              }
            ],
            "tags": null,
            "vpc_id": "vpc-038cc6cdea69b6fd2"
          },
          "private": "bnVsbA==",
          "dependencies": [
            "aws_eip.lb",
            "aws_nat_gateway.NATgw",
            "aws_subnet.subnet1",
            "aws_vpc.myvpc"
          ]
        }
      ]
    },
    {
      "mode": "managed",
      "type": "aws_route_table_association",
      "name": "routeassociation1",
      "provider": "provider.aws",
      "instances": [
        {
          "schema_version": 0,
          "attributes": {
            "gateway_id": null,
            "id": "rtbassoc-082c25568ceb80357",
            "route_table_id": "rtb-0b16fc4c8b2a42e1f",
            "subnet_id": "subnet-0ecba18ac01ac2888"
          },
          "private": "bnVsbA==",
          "dependencies": [
            "aws_internet_gateway.gw",
            "aws_route_table.route1",
            "aws_subnet.subnet1",
            "aws_vpc.myvpc"
          ]
        }
      ]
    },
    {
      "mode": "managed",
      "type": "aws_route_table_association",
      "name": "routeassociation2",
      "provider": "provider.aws",
      "instances": [
        {
          "schema_version": 0,
          "attributes": {
            "gateway_id": null,
            "id": "rtbassoc-0b8d95c170918a32a",
            "route_table_id": "rtb-038f6e39fcc531227",
            "subnet_id": "subnet-09f790b058cfbed72"
          },
          "private": "bnVsbA==",
          "dependencies": [
            "aws_eip.lb",
            "aws_nat_gateway.NATgw",
            "aws_route_table.route2",
            "aws_subnet.subnet1",
            "aws_subnet.subnet2",
            "aws_vpc.myvpc"
          ]
        }
      ]
    },
    {
      "mode": "managed",
      "type": "aws_security_group",
      "name": "mybastionhost",
      "provider": "provider.aws",
      "instances": [
        {
          "schema_version": 1,
          "attributes": {
            "arn": "arn:aws:ec2:ap-south-1:000493632188:security-group/sg-0883d2e31f45f4cfa",
            "description": "Allow SSH from outside world",
            "egress": [
              {
                "cidr_blocks": [
                  "0.0.0.0/0"
                ],
                "description": "",
                "from_port": 0,
                "ipv6_cidr_blocks": [],
                "prefix_list_ids": [],
                "protocol": "-1",
                "security_groups": [],
                "self": false,
                "to_port": 0
              }
            ],
            "id": "sg-0883d2e31f45f4cfa",
            "ingress": [
              {
                "cidr_blocks": [
                  "0.0.0.0/0"
                ],
                "description": "SSH",
                "from_port": 22,
                "ipv6_cidr_blocks": [],
                "prefix_list_ids": [],
                "protocol": "tcp",
                "security_groups": [],
                "self": false,
                "to_port": 22
              }
            ],
            "name": "bastion_sg",
            "name_prefix": "",
            "owner_id": "000493632188",
            "revoke_rules_on_delete": false,
            "tags": {
              "Name": "bastion_sg"
            },
            "timeouts": null,
            "vpc_id": "vpc-038cc6cdea69b6fd2"
          },
          "private": "eyJlMmJmYjczMC1lY2FhLTExZTYtOGY4OC0zNDM2M2JjN2M0YzAiOnsiY3JlYXRlIjo2MDAwMDAwMDAwMDAsImRlbGV0ZSI6NjAwMDAwMDAwMDAwfSwic2NoZW1hX3ZlcnNpb24iOiIxIn0=",
          "dependencies": [
            "aws_vpc.myvpc"
          ]
        }
      ]
    },
    {
      "mode": "managed",
      "type": "aws_security_group",
      "name": "mysqlsg",
      "provider": "provider.aws",
      "instances": [
        {
          "schema_version": 1,
          "attributes": {
            "arn": "arn:aws:ec2:ap-south-1:000493632188:security-group/sg-0e65f0149433d32df",
            "description": "Allow MYSQL from wordpress only for privacy",
            "egress": [
              {
                "cidr_blocks": [
                  "0.0.0.0/0"
                ],
                "description": "",
                "from_port": 0,
                "ipv6_cidr_blocks": [],
                "prefix_list_ids": [],
                "protocol": "-1",
                "security_groups": [],
                "self": false,
                "to_port": 0
              }
            ],
            "id": "sg-0e65f0149433d32df",
            "ingress": [
              {
                "cidr_blocks": [],
                "description": "MYSQL",
                "from_port": 3306,
                "ipv6_cidr_blocks": [],
                "prefix_list_ids": [],
                "protocol": "tcp",
                "security_groups": [
                  "sg-037d8f9b3409ec966"
                ],
                "self": false,
                "to_port": 3306
              },
              {
                "cidr_blocks": [],
                "description": "SSH",
                "from_port": 22,
                "ipv6_cidr_blocks": [],
                "prefix_list_ids": [],
                "protocol": "tcp",
                "security_groups": [
                  "sg-0883d2e31f45f4cfa"
                ],
                "self": false,
                "to_port": 22
              }
            ],
            "name": "mysql_sg",
            "name_prefix": "",
            "owner_id": "000493632188",
            "revoke_rules_on_delete": false,
            "tags": {
              "Name": "mysql_sg"
            },
            "timeouts": null,
            "vpc_id": "vpc-038cc6cdea69b6fd2"
          },
          "private": "eyJlMmJmYjczMC1lY2FhLTExZTYtOGY4OC0zNDM2M2JjN2M0YzAiOnsiY3JlYXRlIjo2MDAwMDAwMDAwMDAsImRlbGV0ZSI6NjAwMDAwMDAwMDAwfSwic2NoZW1hX3ZlcnNpb24iOiIxIn0=",
          "dependencies": [
            "aws_security_group.mybastionhost",
            "aws_security_group.mywpsg",
            "aws_vpc.myvpc"
          ]
        }
      ]
    },
    {
      "mode": "managed",
      "type": "aws_security_group",
      "name": "mywpsg",
      "provider": "provider.aws",
      "instances": [
        {
          "schema_version": 1,
          "attributes": {
            "arn": "arn:aws:ec2:ap-south-1:000493632188:security-group/sg-037d8f9b3409ec966",
            "description": "Allow HTTP and SSH for wordpress",
            "egress": [
              {
                "cidr_blocks": [
                  "0.0.0.0/0"
                ],
                "description": "",
                "from_port": 0,
                "ipv6_cidr_blocks": [],
                "prefix_list_ids": [],
                "protocol": "-1",
                "security_groups": [],
                "self": false,
                "to_port": 0
              }
            ],
            "id": "sg-037d8f9b3409ec966",
            "ingress": [
              {
                "cidr_blocks": [
                  "0.0.0.0/0"
                ],
                "description": "HTTP",
                "from_port": 80,
                "ipv6_cidr_blocks": [],
                "prefix_list_ids": [],
                "protocol": "tcp",
                "security_groups": [],
                "self": false,
                "to_port": 80
              },
              {
                "cidr_blocks": [
                  "0.0.0.0/0"
                ],
                "description": "SSH",
                "from_port": 22,
                "ipv6_cidr_blocks": [],
                "prefix_list_ids": [],
                "protocol": "tcp",
                "security_groups": [],
                "self": false,
                "to_port": 22
              }
            ],
            "name": "wordpress_sg",
            "name_prefix": "",
            "owner_id": "000493632188",
            "revoke_rules_on_delete": false,
            "tags": {
              "Name": "wordpress_sg"
            },
            "timeouts": null,
            "vpc_id": "vpc-038cc6cdea69b6fd2"
          },
          "private": "eyJlMmJmYjczMC1lY2FhLTExZTYtOGY4OC0zNDM2M2JjN2M0YzAiOnsiY3JlYXRlIjo2MDAwMDAwMDAwMDAsImRlbGV0ZSI6NjAwMDAwMDAwMDAwfSwic2NoZW1hX3ZlcnNpb24iOiIxIn0=",
          "dependencies": [
            "aws_vpc.myvpc"
          ]
        }
      ]
    },
    {
      "mode": "managed",
      "type": "aws_subnet",
      "name": "subnet1",
      "provider": "provider.aws",
      "instances": [
        {
          "schema_version": 1,
          "attributes": {
            "arn": "arn:aws:ec2:ap-south-1:000493632188:subnet/subnet-0ecba18ac01ac2888",
            "assign_ipv6_address_on_creation": false,
            "availability_zone": "ap-south-1a",
            "availability_zone_id": "aps1-az1",
            "cidr_block": "192.168.0.0/24",
            "id": "subnet-0ecba18ac01ac2888",
            "ipv6_cidr_block": "",
            "ipv6_cidr_block_association_id": "",
            "map_public_ip_on_launch": true,
            "outpost_arn": "",
            "owner_id": "000493632188",
            "tags": {
              "Name": "PublicSubnet"
            },
            "timeouts": null,
            "vpc_id": "vpc-038cc6cdea69b6fd2"
          },
          "private": "eyJlMmJmYjczMC1lY2FhLTExZTYtOGY4OC0zNDM2M2JjN2M0YzAiOnsiY3JlYXRlIjo2MDAwMDAwMDAwMDAsImRlbGV0ZSI6MTIwMDAwMDAwMDAwMH0sInNjaGVtYV92ZXJzaW9uIjoiMSJ9",
          "dependencies": [
            "aws_vpc.myvpc"
          ]
        }
      ]
    },
    {
      "mode": "managed",
      "type": "aws_subnet",
      "name": "subnet2",
      "provider": "provider.aws",
      "instances": [
        {
          "schema_version": 1,
          "attributes": {
            "arn": "arn:aws:ec2:ap-south-1:000493632188:subnet/subnet-09f790b058cfbed72",
            "assign_ipv6_address_on_creation": false,
            "availability_zone": "ap-south-1a",
            "availability_zone_id": "aps1-az1",
            "cidr_block": "192.168.1.0/24",
            "id": "subnet-09f790b058cfbed72",
            "ipv6_cidr_block": "",
            "ipv6_cidr_block_association_id": "",
            "map_public_ip_on_launch": true,
            "outpost_arn": "",
            "owner_id": "000493632188",
            "tags": {
              "Name": "PrivateSubnet"
            },
            "timeouts": null,
            "vpc_id": "vpc-038cc6cdea69b6fd2"
          },
          "private": "eyJlMmJmYjczMC1lY2FhLTExZTYtOGY4OC0zNDM2M2JjN2M0YzAiOnsiY3JlYXRlIjo2MDAwMDAwMDAwMDAsImRlbGV0ZSI6MTIwMDAwMDAwMDAwMH0sInNjaGVtYV92ZXJzaW9uIjoiMSJ9",
          "dependencies": [
            "aws_vpc.myvpc"
          ]
        }
      ]
    },
    {
      "mode": "managed",
      "type": "aws_vpc",
      "name": "myvpc",
      "provider": "provider.aws",
      "instances": [
        {
          "schema_version": 1,
          "attributes": {
            "arn": "arn:aws:ec2:ap-south-1:000493632188:vpc/vpc-038cc6cdea69b6fd2",
            "assign_generated_ipv6_cidr_block": false,
            "cidr_block": "192.168.0.0/16",
            "default_network_acl_id": "acl-0d7d6c598c6e62c80",
            "default_route_table_id": "rtb-015234ef144dded8a",
            "default_security_group_id": "sg-05d19190e3d3648c5",
            "dhcp_options_id": "dopt-7add2711",
            "enable_classiclink": null,
            "enable_classiclink_dns_support": null,
            "enable_dns_hostnames": true,
            "enable_dns_support": true,
            "id": "vpc-038cc6cdea69b6fd2",
            "instance_tenancy": "default",
            "ipv6_association_id": "",
            "ipv6_cidr_block": "",
            "main_route_table_id": "rtb-015234ef144dded8a",
            "owner_id": "000493632188",
            "tags": {
              "Name": "wordpressvpc"
            }
          },
          "private": "eyJzY2hlbWFfdmVyc2lvbiI6IjEifQ=="
        }
      ]
    },
    {
      "mode": "managed",
      "type": "tls_private_key",
      "name": "myprivatekey",
      "provider": "provider.tls",
      "instances": [
        {
          "schema_version": 0,
          "attributes": {
            "algorithm": "RSA",
            "ecdsa_curve": "P224",
            "id": "1909ce5dc18648c320f483376fb7fc5eade01fb4",
            "private_key_pem": "-----BEGIN RSA PRIVATE KEY-----\nMIIEowIBAAKCAQEAxtXTBl6auXGgMbPetu5RN8so2+t4Ik+t8QLIbfcZT1HySkPp\ni49aG7O0Y64Q6V3NoyZnM6imt72uHLmyWp7JfrCtW5TzQlPpn7vuWObtQBGhpqva\nXZnkSqycgb4gxALzUftd4Uay4zEfrsW/PGmOb1HTGuPaDO4V/GFKwrHQa+2sa2JV\n04OfUGtFzNfnEWS5V0v+ANYcM9KggoFf+BCp7SaKtCg0Za5o5ANIsJhSKKRImCRJ\nhXRqijyqw3R0ZgOkeLxMfxaignZ16381k43Rt190HD0jJ45RG23BeSTZ6LlFi8uM\nBpMWC4uOo5rTlA/VjAkoxsPISPutuGPTTKP9bQIDAQABAoIBAAj8jQcSq4eKHSVh\n7cTyzHTrF7Oo1ssmMsRbzdc6fchZ+ctlel62YeoymwqOSXFirfKbv7pT+wT+66mc\nsvTpjE3PimZDOyNaS4rOoZ0fAsYMhfPUfJASboD5gDFU+IIjZ//ijoGqAlfGVpo9\nkcEXPDrHxfTHK4m+EPxRIWHfS341MTLWSs6nfECESNQhuDpAOG8uEDJLLAuQtamT\nbxPi8DxIEdrVRdsPg18JPw2Zw9Uwa+FABkJMDlw5lC74V/Dcfv2NSzb6opNIwXxm\nOnNshHVkbJAEqWOWXw4b1xIiKEa8IW2iduwoCWzWez8JI0zkslVruHbJ015AGcAH\n5y1gaXkCgYEAx1euPSCWsh3NV6LjBlnOSGGjXzL7je6vaLHwAMkDGsd8pQQoaBag\nJdF/jMpAw8NK84txz5GN34d+q6hGHk4A/ltem0NSRqArAFjDIbpDM7wjpToMGJAp\n9OxZpy2J0JzcS/OYYi4hYH+I5YgDuuC4dzyNwWQhPFg0MRiSkzjw4X8CgYEA/1k8\nVn/oWp2RipARMfZLtUokcHKj52Zu/uucjQynN7/TMrQM4CiQNmgGZ9GHUEIQd6Yz\npHKTsCaHVrJidcuR9Z/ZC50ZGNKfZpuTNcI3yTQG6wVZMfsmmEvePhQve/7oMk/I\nSkntgqbPqSZGK7ZHtI45YfuWbuTl6NImBK07PxMCgYEAuwSCvmyNlOuq05ZI4ZNt\nmbCook7lfGI7BMEzhrkPhZc0VGiTNBxOAU0MGl1B56eX8OeZTgCjltu6tnc32YSb\nIAc+ufGuBf6MeVXNNB5Yn/fZhVDxOjY+dr8q2VI64pHXiBYwl6PpwmvEVnuF7FSa\nG5ue7pnvKHsj9A+2rBKWwycCgYBPyJUGve5eqc74yWzl/HvJSEI8dEVsHuBdfEas\n96Aj1ibqN8GyJFpy9WvS8m/iDtJQYDjQkBA/QLqWxyPmhFW1tl09uLdHvz+Y8tE7\nQdTmZAApXMFy0XNMsJ/fK7Vue8YXOkBtnc29PduykUfpjom3C504VUC6o4CGj2rb\nmTjiywKBgAIHnX8giOFMTQrm9CjEYA5g0bpEgDboQTbugS8T0W8eQpefKVcKXJWk\nzSpgtP2GtRifnmI4bRShV3RNvhG4PAmvQACwHuP7W5g5I78U7h7W+HKI9f30p64o\nnFBgQRpb47P85OoVomEWhOROs8Cv2Xxl/Pfue3VdC8R+WcCVu4rF\n-----END RSA PRIVATE KEY-----\n",
            "public_key_fingerprint_md5": "1f:a2:27:25:6d:35:48:70:09:8c:0f:09:12:42:ff:7b",
            "public_key_openssh": "ssh-rsa AAAAB3NzaC1yc2EAAAADAQABAAABAQDG1dMGXpq5caAxs9627lE3yyjb63giT63xAsht9xlPUfJKQ+mLj1obs7RjrhDpXc2jJmczqKa3va4cubJansl+sK1blPNCU+mfu+5Y5u1AEaGmq9pdmeRKrJyBviDEAvNR+13hRrLjMR+uxb88aY5vUdMa49oM7hX8YUrCsdBr7axrYlXTg59Qa0XM1+cRZLlXS/4A1hwz0qCCgV/4EKntJoq0KDRlrmjkA0iwmFIopEiYJEmFdGqKPKrDdHRmA6R4vEx/FqKCdnXrfzWTjdG3X3QcPSMnjlEbbcF5JNnouUWLy4wGkxYLi46jmtOUD9WMCSjGw8hI+624Y9NMo/1t\n",
            "public_key_pem": "-----BEGIN PUBLIC KEY-----\nMIIBIjANBgkqhkiG9w0BAQEFAAOCAQ8AMIIBCgKCAQEAxtXTBl6auXGgMbPetu5R\nN8so2+t4Ik+t8QLIbfcZT1HySkPpi49aG7O0Y64Q6V3NoyZnM6imt72uHLmyWp7J\nfrCtW5TzQlPpn7vuWObtQBGhpqvaXZnkSqycgb4gxALzUftd4Uay4zEfrsW/PGmO\nb1HTGuPaDO4V/GFKwrHQa+2sa2JV04OfUGtFzNfnEWS5V0v+ANYcM9KggoFf+BCp\n7SaKtCg0Za5o5ANIsJhSKKRImCRJhXRqijyqw3R0ZgOkeLxMfxaignZ16381k43R\nt190HD0jJ45RG23BeSTZ6LlFi8uMBpMWC4uOo5rTlA/VjAkoxsPISPutuGPTTKP9\nbQIDAQAB\n-----END PUBLIC KEY-----\n",
            "rsa_bits": 2048
          },
          "private": "bnVsbA=="
        }
      ]
    }
  ]
}
